
Microsoft Visual Studio Solution File, Format Version 12.00
# Visual Studio Version 16
VisualStudioVersion = 16.0.29503.13
MinimumVisualStudioVersion = 10.0.40219.1
Project("{9A19103F-16F7-4668-BE54-9A1E7A4F7556}") = "IMDb.Api", "IMDb.Api\IMDb.Api.csproj", "{62921AA6-8380-4D60-98AD-D1F8B8961E51}"
EndProject
Project("{9A19103F-16F7-4668-BE54-9A1E7A4F7556}") = "IMDb.Application", "IMDb.Application\IMDb.Application.csproj", "{95CE4570-2043-4362-840A-46BF0D5A45E0}"
EndProject
Project("{9A19103F-16F7-4668-BE54-9A1E7A4F7556}") = "IMDb.Data", "IMDb.Data\IMDb.Data.csproj", "{33670CAA-F4B7-42DF-B171-6F867EF67235}"
EndProject
Project("{FAE04EC0-301F-11D3-BF4B-00C04F79EFBC}") = "IMDb.Core", "IMDb.Core\IMDb.Core.csproj", "{FA85E414-4832-431E-95FB-D8C84DA25E02}"
EndProject
Global
	GlobalSection(SolutionConfigurationPlatforms) = preSolution
		Debug|Any CPU = Debug|Any CPU
		Release|Any CPU = Release|Any CPU
	EndGlobalSection
	GlobalSection(ProjectConfigurationPlatforms) = postSolution
		{62921AA6-8380-4D60-98AD-D1F8B8961E51}.Debug|Any CPU.ActiveCfg = Debug|Any CPU
		{62921AA6-8380-4D60-98AD-D1F8B8961E51}.Debug|Any CPU.Build.0 = Debug|Any CPU
		{62921AA6-8380-4D60-98AD-D1F8B8961E51}.Release|Any CPU.ActiveCfg = Release|Any CPU
		{62921AA6-8380-4D60-98AD-D1F8B8961E51}.Release|Any CPU.Build.0 = Release|Any CPU
		{95CE4570-2043-4362-840A-46BF0D5A45E0}.Debug|Any CPU.ActiveCfg = Debug|Any CPU
		{95CE4570-2043-4362-840A-46BF0D5A45E0}.Debug|Any CPU.Build.0 = Debug|Any CPU
		{95CE4570-2043-4362-840A-46BF0D5A45E0}.Release|Any CPU.ActiveCfg = Release|Any CPU
		{95CE4570-2043-4362-840A-46BF0D5A45E0}.Release|Any CPU.Build.0 = Release|Any CPU
		{33670CAA-F4B7-42DF-B171-6F867EF67235}.Debug|Any CPU.ActiveCfg = Debug|Any CPU
		{33670CAA-F4B7-42DF-B171-6F867EF67235}.Debug|Any CPU.Build.0 = Debug|Any CPU
		{33670CAA-F4B7-42DF-B171-6F867EF67235}.Release|Any CPU.ActiveCfg = Release|Any CPU
		{33670CAA-F4B7-42DF-B171-6F867EF67235}.Release|Any CPU.Build.0 = Release|Any CPU
		{FA85E414-4832-431E-95FB-D8C84DA25E02}.Debug|Any CPU.ActiveCfg = Debug|Any CPU
		{FA85E414-4832-431E-95FB-D8C84DA25E02}.Debug|Any CPU.Build.0 = Debug|Any CPU
		{FA85E414-4832-431E-95FB-D8C84DA25E02}.Release|Any CPU.ActiveCfg = Release|Any CPU
		{FA85E414-4832-431E-95FB-D8C84DA25E02}.Release|Any CPU.Build.0 = Release|Any CPU
	EndGlobalSection
	GlobalSection(SolutionProperties) = preSolution
		HideSolutionNode = FALSE
	EndGlobalSection
	GlobalSection(ExtensibilityGlobals) = postSolution
		SolutionGuid = {C4B3183E-1BC0-46BE-B1C7-E83082DDC381}
	EndGlobalSection
EndGlobal
